
Microsoft Visual Studio Solution File, Format Version 12.00
Project("{FAE04EC0-301F-11D3-BF4B-00C04F79EFBC}") = "Janet.Core", "Janet.Core\Janet.Core.csproj", "{E842D120-0606-4E09-A5EF-7865F4D4FDD1}"
EndProject
Project("{FAE04EC0-301F-11D3-BF4B-00C04F79EFBC}") = "Janet.ConsoleApp", "Janet.ConsoleApp\Janet.ConsoleApp.csproj", "{A1769344-D621-48C3-B7F9-D975A945A3F7}"
EndProject
Project("{FAE04EC0-301F-11D3-BF4B-00C04F79EFBC}") = "Janet.Common", "Janet.Common\Janet.Common.csproj", "{66083994-A254-4C53-9CDC-C59D77B79D49}"
EndProject
Global
	GlobalSection(SolutionConfigurationPlatforms) = preSolution
		Debug|Any CPU = Debug|Any CPU
		Release|Any CPU = Release|Any CPU
	EndGlobalSection
	GlobalSection(ProjectConfigurationPlatforms) = postSolution
		{E842D120-0606-4E09-A5EF-7865F4D4FDD1}.Debug|Any CPU.ActiveCfg = Debug|Any CPU
		{E842D120-0606-4E09-A5EF-7865F4D4FDD1}.Debug|Any CPU.Build.0 = Debug|Any CPU
		{E842D120-0606-4E09-A5EF-7865F4D4FDD1}.Release|Any CPU.ActiveCfg = Release|Any CPU
		{E842D120-0606-4E09-A5EF-7865F4D4FDD1}.Release|Any CPU.Build.0 = Release|Any CPU
		{A1769344-D621-48C3-B7F9-D975A945A3F7}.Debug|Any CPU.ActiveCfg = Debug|Any CPU
		{A1769344-D621-48C3-B7F9-D975A945A3F7}.Debug|Any CPU.Build.0 = Debug|Any CPU
		{A1769344-D621-48C3-B7F9-D975A945A3F7}.Release|Any CPU.ActiveCfg = Release|Any CPU
		{A1769344-D621-48C3-B7F9-D975A945A3F7}.Release|Any CPU.Build.0 = Release|Any CPU
		{66083994-A254-4C53-9CDC-C59D77B79D49}.Debug|Any CPU.ActiveCfg = Debug|Any CPU
		{66083994-A254-4C53-9CDC-C59D77B79D49}.Debug|Any CPU.Build.0 = Debug|Any CPU
		{66083994-A254-4C53-9CDC-C59D77B79D49}.Release|Any CPU.ActiveCfg = Release|Any CPU
		{66083994-A254-4C53-9CDC-C59D77B79D49}.Release|Any CPU.Build.0 = Release|Any CPU
	EndGlobalSection
EndGlobal
